
Microsoft Visual Studio Solution File, Format Version 12.00
# Visual Studio Version 17
VisualStudioVersion = 17.0.31903.59
MinimumVisualStudioVersion = 10.0.40219.1
Project("{FAE04EC0-301F-11D3-BF4B-00C04F79EFBC}") = "OldSchoolForms.Ui", "src\OldSchoolForms.Ui\OldSchoolForms.Ui.csproj", "{A1B2C3D4-E5F6-7890-ABCD-EF1234567890}"
EndProject
Project("{FAE04EC0-301F-11D3-BF4B-00C04F79EFBC}") = "OldSchoolForms.Ui.Demo", "samples\OldSchoolForms.Ui.Demo\OldSchoolForms.Ui.Demo.csproj", "{C3D4E5F6-A7B8-9012-CDEF-123456789012}"
EndProject
Project("{FAE04EC0-301F-11D3-BF4B-00C04F79EFBC}") = "OldSchoolForms.Ui.Tests", "tests\OldSchoolForms.Ui.Tests\OldSchoolForms.Ui.Tests.csproj", "{D4E5F6A7-B8C9-0123-DEF1-234567890123}"
EndProject
Project("{FAE04EC0-301F-11D3-BF4B-00C04F79EFBC}") = "OldSchoolForms.Ui.WebBrowser", "src\OldSchoolForms.Ui.WebBrowser\OldSchoolForms.Ui.WebBrowser.csproj", "{5616DD5E-EA4D-41E3-BA5D-647990A338A9}"
EndProject
Project("{2150E333-8FDC-42A3-9474-1A3956D46DE8}") = "src", "src", "{827E0CD3-B72D-47B6-A68D-7590B98EB39B}"
EndProject
Project("{FAE04EC0-301F-11D3-BF4B-00C04F79EFBC}") = "OldSchoolForms.Ui.Designer", "src\OldSchoolForms.Ui.Designer\OldSchoolForms.Ui.Designer.csproj", "{B86EFB34-07E6-45A1-B11E-5091DAE1192D}"
EndProject
Project("{FAE04EC0-301F-11D3-BF4B-00C04F79EFBC}") = "OldSchoolForms.Ui.Designer.Roslyn", "src\OldSchoolForms.Ui.Designer.Roslyn\OldSchoolForms.Ui.Designer.Roslyn.csproj", "{24E4A27D-2F5B-4474-94F4-06FB12DEE595}"
EndProject
Project("{2150E333-8FDC-42A3-9474-1A3956D46DE8}") = "tests", "tests", "{0AB3BF05-4346-4AA6-1389-037BE0695223}"
EndProject
Project("{FAE04EC0-301F-11D3-BF4B-00C04F79EFBC}") = "OldSchoolForms.Ui.Designer.Tests", "tests\OldSchoolForms.Ui.Designer.Tests\OldSchoolForms.Ui.Designer.Tests.csproj", "{345791FD-EC02-427B-B3E1-26A35FC81FB0}"
EndProject
Project("{FAE04EC0-301F-11D3-BF4B-00C04F79EFBC}") = "OldSchoolForms.Ui.Designer.Standalone", "src\OldSchoolForms.Ui.Designer.Standalone\OldSchoolForms.Ui.Designer.Standalone.csproj", "{7939400B-3987-46A6-A71C-31D61688AF43}"
EndProject
Global
	GlobalSection(SolutionConfigurationPlatforms) = preSolution
		Debug|Any CPU = Debug|Any CPU
		Debug|x64 = Debug|x64
		Debug|x86 = Debug|x86
		Release|Any CPU = Release|Any CPU
		Release|x64 = Release|x64
		Release|x86 = Release|x86
	EndGlobalSection
	GlobalSection(ProjectConfigurationPlatforms) = postSolution
		{A1B2C3D4-E5F6-7890-ABCD-EF1234567890}.Debug|Any CPU.ActiveCfg = Debug|Any CPU
		{A1B2C3D4-E5F6-7890-ABCD-EF1234567890}.Debug|Any CPU.Build.0 = Debug|Any CPU
		{A1B2C3D4-E5F6-7890-ABCD-EF1234567890}.Debug|x64.ActiveCfg = Debug|Any CPU
		{A1B2C3D4-E5F6-7890-ABCD-EF1234567890}.Debug|x64.Build.0 = Debug|Any CPU
		{A1B2C3D4-E5F6-7890-ABCD-EF1234567890}.Debug|x86.ActiveCfg = Debug|Any CPU
		{A1B2C3D4-E5F6-7890-ABCD-EF1234567890}.Debug|x86.Build.0 = Debug|Any CPU
		{A1B2C3D4-E5F6-7890-ABCD-EF1234567890}.Release|Any CPU.ActiveCfg = Release|Any CPU
		{A1B2C3D4-E5F6-7890-ABCD-EF1234567890}.Release|Any CPU.Build.0 = Release|Any CPU
		{A1B2C3D4-E5F6-7890-ABCD-EF1234567890}.Release|x64.ActiveCfg = Release|Any CPU
		{A1B2C3D4-E5F6-7890-ABCD-EF1234567890}.Release|x64.Build.0 = Release|Any CPU
		{A1B2C3D4-E5F6-7890-ABCD-EF1234567890}.Release|x86.ActiveCfg = Release|Any CPU
		{A1B2C3D4-E5F6-7890-ABCD-EF1234567890}.Release|x86.Build.0 = Release|Any CPU
		{C3D4E5F6-A7B8-9012-CDEF-123456789012}.Debug|Any CPU.ActiveCfg = Debug|Any CPU
		{C3D4E5F6-A7B8-9012-CDEF-123456789012}.Debug|Any CPU.Build.0 = Debug|Any CPU
		{C3D4E5F6-A7B8-9012-CDEF-123456789012}.Debug|x64.ActiveCfg = Debug|Any CPU
		{C3D4E5F6-A7B8-9012-CDEF-123456789012}.Debug|x64.Build.0 = Debug|Any CPU
		{C3D4E5F6-A7B8-9012-CDEF-123456789012}.Debug|x86.ActiveCfg = Debug|Any CPU
		{C3D4E5F6-A7B8-9012-CDEF-123456789012}.Debug|x86.Build.0 = Debug|Any CPU
		{C3D4E5F6-A7B8-9012-CDEF-123456789012}.Release|Any CPU.ActiveCfg = Release|Any CPU
		{C3D4E5F6-A7B8-9012-CDEF-123456789012}.Release|Any CPU.Build.0 = Release|Any CPU
		{C3D4E5F6-A7B8-9012-CDEF-123456789012}.Release|x64.ActiveCfg = Release|Any CPU
		{C3D4E5F6-A7B8-9012-CDEF-123456789012}.Release|x64.Build.0 = Release|Any CPU
		{C3D4E5F6-A7B8-9012-CDEF-123456789012}.Release|x86.ActiveCfg = Release|Any CPU
		{C3D4E5F6-A7B8-9012-CDEF-123456789012}.Release|x86.Build.0 = Release|Any CPU
		{D4E5F6A7-B8C9-0123-DEF1-234567890123}.Debug|Any CPU.ActiveCfg = Debug|Any CPU
		{D4E5F6A7-B8C9-0123-DEF1-234567890123}.Debug|Any CPU.Build.0 = Debug|Any CPU
		{D4E5F6A7-B8C9-0123-DEF1-234567890123}.Debug|x64.ActiveCfg = Debug|Any CPU
		{D4E5F6A7-B8C9-0123-DEF1-234567890123}.Debug|x64.Build.0 = Debug|Any CPU
		{D4E5F6A7-B8C9-0123-DEF1-234567890123}.Debug|x86.ActiveCfg = Debug|Any CPU
		{D4E5F6A7-B8C9-0123-DEF1-234567890123}.Debug|x86.Build.0 = Debug|Any CPU
		{D4E5F6A7-B8C9-0123-DEF1-234567890123}.Release|Any CPU.ActiveCfg = Release|Any CPU
		{D4E5F6A7-B8C9-0123-DEF1-234567890123}.Release|Any CPU.Build.0 = Release|Any CPU
		{D4E5F6A7-B8C9-0123-DEF1-234567890123}.Release|x64.ActiveCfg = Release|Any CPU
		{D4E5F6A7-B8C9-0123-DEF1-234567890123}.Release|x64.Build.0 = Release|Any CPU
		{D4E5F6A7-B8C9-0123-DEF1-234567890123}.Release|x86.ActiveCfg = Release|Any CPU
		{D4E5F6A7-B8C9-0123-DEF1-234567890123}.Release|x86.Build.0 = Release|Any CPU
		{5616DD5E-EA4D-41E3-BA5D-647990A338A9}.Debug|Any CPU.ActiveCfg = Debug|Any CPU
		{5616DD5E-EA4D-41E3-BA5D-647990A338A9}.Debug|Any CPU.Build.0 = Debug|Any CPU
		{5616DD5E-EA4D-41E3-BA5D-647990A338A9}.Debug|x64.ActiveCfg = Debug|Any CPU
		{5616DD5E-EA4D-41E3-BA5D-647990A338A9}.Debug|x64.Build.0 = Debug|Any CPU
		{5616DD5E-EA4D-41E3-BA5D-647990A338A9}.Debug|x86.ActiveCfg = Debug|Any CPU
		{5616DD5E-EA4D-41E3-BA5D-647990A338A9}.Debug|x86.Build.0 = Debug|Any CPU
		{5616DD5E-EA4D-41E3-BA5D-647990A338A9}.Release|Any CPU.ActiveCfg = Release|Any CPU
		{5616DD5E-EA4D-41E3-BA5D-647990A338A9}.Release|Any CPU.Build.0 = Release|Any CPU
		{5616DD5E-EA4D-41E3-BA5D-647990A338A9}.Release|x64.ActiveCfg = Release|Any CPU
		{5616DD5E-EA4D-41E3-BA5D-647990A338A9}.Release|x64.Build.0 = Release|Any CPU
		{5616DD5E-EA4D-41E3-BA5D-647990A338A9}.Release|x86.ActiveCfg = Release|Any CPU
		{5616DD5E-EA4D-41E3-BA5D-647990A338A9}.Release|x86.Build.0 = Release|Any CPU
		{B86EFB34-07E6-45A1-B11E-5091DAE1192D}.Debug|Any CPU.ActiveCfg = Debug|Any CPU
		{B86EFB34-07E6-45A1-B11E-5091DAE1192D}.Debug|Any CPU.Build.0 = Debug|Any CPU
		{B86EFB34-07E6-45A1-B11E-5091DAE1192D}.Debug|x64.ActiveCfg = Debug|Any CPU
		{B86EFB34-07E6-45A1-B11E-5091DAE1192D}.Debug|x64.Build.0 = Debug|Any CPU
		{B86EFB34-07E6-45A1-B11E-5091DAE1192D}.Debug|x86.ActiveCfg = Debug|Any CPU
		{B86EFB34-07E6-45A1-B11E-5091DAE1192D}.Debug|x86.Build.0 = Debug|Any CPU
		{B86EFB34-07E6-45A1-B11E-5091DAE1192D}.Release|Any CPU.ActiveCfg = Release|Any CPU
		{B86EFB34-07E6-45A1-B11E-5091DAE1192D}.Release|Any CPU.Build.0 = Release|Any CPU
		{B86EFB34-07E6-45A1-B11E-5091DAE1192D}.Release|x64.ActiveCfg = Release|Any CPU
		{B86EFB34-07E6-45A1-B11E-5091DAE1192D}.Release|x64.Build.0 = Release|Any CPU
		{B86EFB34-07E6-45A1-B11E-5091DAE1192D}.Release|x86.ActiveCfg = Release|Any CPU
		{B86EFB34-07E6-45A1-B11E-5091DAE1192D}.Release|x86.Build.0 = Release|Any CPU
		{24E4A27D-2F5B-4474-94F4-06FB12DEE595}.Debug|Any CPU.ActiveCfg = Debug|Any CPU
		{24E4A27D-2F5B-4474-94F4-06FB12DEE595}.Debug|Any CPU.Build.0 = Debug|Any CPU
		{24E4A27D-2F5B-4474-94F4-06FB12DEE595}.Debug|x64.ActiveCfg = Debug|Any CPU
		{24E4A27D-2F5B-4474-94F4-06FB12DEE595}.Debug|x64.Build.0 = Debug|Any CPU
		{24E4A27D-2F5B-4474-94F4-06FB12DEE595}.Debug|x86.ActiveCfg = Debug|Any CPU
		{24E4A27D-2F5B-4474-94F4-06FB12DEE595}.Debug|x86.Build.0 = Debug|Any CPU
		{24E4A27D-2F5B-4474-94F4-06FB12DEE595}.Release|Any CPU.ActiveCfg = Release|Any CPU
		{24E4A27D-2F5B-4474-94F4-06FB12DEE595}.Release|Any CPU.Build.0 = Release|Any CPU
		{24E4A27D-2F5B-4474-94F4-06FB12DEE595}.Release|x64.ActiveCfg = Release|Any CPU
		{24E4A27D-2F5B-4474-94F4-06FB12DEE595}.Release|x64.Build.0 = Release|Any CPU
		{24E4A27D-2F5B-4474-94F4-06FB12DEE595}.Release|x86.ActiveCfg = Release|Any CPU
		{24E4A27D-2F5B-4474-94F4-06FB12DEE595}.Release|x86.Build.0 = Release|Any CPU
		{345791FD-EC02-427B-B3E1-26A35FC81FB0}.Debug|Any CPU.ActiveCfg = Debug|Any CPU
		{345791FD-EC02-427B-B3E1-26A35FC81FB0}.Debug|Any CPU.Build.0 = Debug|Any CPU
		{345791FD-EC02-427B-B3E1-26A35FC81FB0}.Debug|x64.ActiveCfg = Debug|Any CPU
		{345791FD-EC02-427B-B3E1-26A35FC81FB0}.Debug|x64.Build.0 = Debug|Any CPU
		{345791FD-EC02-427B-B3E1-26A35FC81FB0}.Debug|x86.ActiveCfg = Debug|Any CPU
		{345791FD-EC02-427B-B3E1-26A35FC81FB0}.Debug|x86.Build.0 = Debug|Any CPU
		{345791FD-EC02-427B-B3E1-26A35FC81FB0}.Release|Any CPU.ActiveCfg = Release|Any CPU
		{345791FD-EC02-427B-B3E1-26A35FC81FB0}.Release|Any CPU.Build.0 = Release|Any CPU
		{345791FD-EC02-427B-B3E1-26A35FC81FB0}.Release|x64.ActiveCfg = Release|Any CPU
		{345791FD-EC02-427B-B3E1-26A35FC81FB0}.Release|x64.Build.0 = Release|Any CPU
		{345791FD-EC02-427B-B3E1-26A35FC81FB0}.Release|x86.ActiveCfg = Release|Any CPU
		{345791FD-EC02-427B-B3E1-26A35FC81FB0}.Release|x86.Build.0 = Release|Any CPU
		{7939400B-3987-46A6-A71C-31D61688AF43}.Debug|Any CPU.ActiveCfg = Debug|Any CPU
		{7939400B-3987-46A6-A71C-31D61688AF43}.Debug|Any CPU.Build.0 = Debug|Any CPU
		{7939400B-3987-46A6-A71C-31D61688AF43}.Debug|x64.ActiveCfg = Debug|Any CPU
		{7939400B-3987-46A6-A71C-31D61688AF43}.Debug|x64.Build.0 = Debug|Any CPU
		{7939400B-3987-46A6-A71C-31D61688AF43}.Debug|x86.ActiveCfg = Debug|Any CPU
		{7939400B-3987-46A6-A71C-31D61688AF43}.Debug|x86.Build.0 = Debug|Any CPU
		{7939400B-3987-46A6-A71C-31D61688AF43}.Release|Any CPU.ActiveCfg = Release|Any CPU
		{7939400B-3987-46A6-A71C-31D61688AF43}.Release|Any CPU.Build.0 = Release|Any CPU
		{7939400B-3987-46A6-A71C-31D61688AF43}.Release|x64.ActiveCfg = Release|Any CPU
		{7939400B-3987-46A6-A71C-31D61688AF43}.Release|x64.Build.0 = Release|Any CPU
		{7939400B-3987-46A6-A71C-31D61688AF43}.Release|x86.ActiveCfg = Release|Any CPU
		{7939400B-3987-46A6-A71C-31D61688AF43}.Release|x86.Build.0 = Release|Any CPU
	EndGlobalSection
	GlobalSection(SolutionProperties) = preSolution
		HideSolutionNode = FALSE
	EndGlobalSection
	GlobalSection(NestedProjects) = preSolution
		{B86EFB34-07E6-45A1-B11E-5091DAE1192D} = {827E0CD3-B72D-47B6-A68D-7590B98EB39B}
		{24E4A27D-2F5B-4474-94F4-06FB12DEE595} = {827E0CD3-B72D-47B6-A68D-7590B98EB39B}
		{345791FD-EC02-427B-B3E1-26A35FC81FB0} = {0AB3BF05-4346-4AA6-1389-037BE0695223}
		{7939400B-3987-46A6-A71C-31D61688AF43} = {827E0CD3-B72D-47B6-A68D-7590B98EB39B}
		{A1B2C3D4-E5F6-7890-ABCD-EF1234567890} = {827E0CD3-B72D-47B6-A68D-7590B98EB39B}
		{C3D4E5F6-A7B8-9012-CDEF-123456789012} = {827E0CD3-B72D-47B6-A68D-7590B98EB39B}
		{D4E5F6A7-B8C9-0123-DEF1-234567890123} = {0AB3BF05-4346-4AA6-1389-037BE0695223}
		{5616DD5E-EA4D-41E3-BA5D-647990A338A9} = {827E0CD3-B72D-47B6-A68D-7590B98EB39B}
	EndGlobalSection
EndGlobal
